
Microsoft Visual Studio Solution File, Format Version 12.00
# Visual Studio Version 17
VisualStudioVersion = 17.4.33205.214
MinimumVisualStudioVersion = 10.0.40219.1
Project("{FAE04EC0-301F-11D3-BF4B-00C04F79EFBC}") = "AspNetCore.FileUpload.Approaches", "AspNetCore.FileUpload.Approaches\AspNetCore.FileUpload.Approaches.csproj", "{65A2BF28-00D1-4506-84E6-9F89B01BFF4A}"
EndProject
Global
	GlobalSection(SolutionConfigurationPlatforms) = preSolution
		Debug|Any CPU = Debug|Any CPU
		Release|Any CPU = Release|Any CPU
	EndGlobalSection
	GlobalSection(ProjectConfigurationPlatforms) = postSolution
		{65A2BF28-00D1-4506-84E6-9F89B01BFF4A}.Debug|Any CPU.ActiveCfg = Debug|Any CPU
		{65A2BF28-00D1-4506-84E6-9F89B01BFF4A}.Debug|Any CPU.Build.0 = Debug|Any CPU
		{65A2BF28-00D1-4506-84E6-9F89B01BFF4A}.Release|Any CPU.ActiveCfg = Release|Any CPU
		{65A2BF28-00D1-4506-84E6-9F89B01BFF4A}.Release|Any CPU.Build.0 = Release|Any CPU
	EndGlobalSection
	GlobalSection(SolutionProperties) = preSolution
		HideSolutionNode = FALSE
	EndGlobalSection
	GlobalSection(ExtensibilityGlobals) = postSolution
		SolutionGuid = {D78123C8-07C2-4DA2-9AD8-8773DD5DA079}
	EndGlobalSection
EndGlobal
